# THIS IS AN AUTOGENERATED FILE. DO NOT EDIT THIS FILE DIRECTLY.
# yarn lockfile v1


"@permaweb/ao-loader@^0.0.44":
  version "0.0.44"
  resolved "https://registry.npmjs.org/@permaweb/ao-loader/-/ao-loader-0.0.44.tgz"
  integrity sha512-O/5XuwqxCD9dTIN/jZ6x4rmqIA/Css0bqaXScOrXc0xTz7VjYseM+PNXFf8vAXiOgnNFmrZzDJ0or94cjmqhZA==
  dependencies:
    "@permaweb/wasm-metering" "^0.2.2"

"@permaweb/wasm-json-toolkit@^0.2.9":
  version "0.2.9"
  resolved "https://registry.npmjs.org/@permaweb/wasm-json-toolkit/-/wasm-json-toolkit-0.2.9.tgz"
  integrity sha512-CGCeUwS+UeqUdvORiyG0LykkQXLTwS5TWc590CUkDfOYyBUSPv8pse0sJStvTC9LKAzuNx3ELBvmqHCI4muUAA==
  dependencies:
    buffer-pipe "0.0.3"
    leb128 "0.0.4"
    safe-buffer "^5.1.2"

"@permaweb/wasm-metering@^0.2.2":
  version "0.2.2"
  resolved "https://registry.npmjs.org/@permaweb/wasm-metering/-/wasm-metering-0.2.2.tgz"
  integrity sha512-xM2MbPkHc4rzhTR6VH5eXtfC+liaYSuNCa0kPRaqSZO2gr1SirJWnzUBDa5VOfTBTgIlIVv5RW+Mkbt/VuK+oA==
  dependencies:
    "@permaweb/wasm-json-toolkit" "^0.2.9"
    leb128 "^0.0.4"

bn.js@^4.11.6:
  version "4.12.1"
  resolved "https://registry.npmjs.org/bn.js/-/bn.js-4.12.1.tgz"
  integrity sha512-k8TVBiPkPJT9uHLdOKfFpqcfprwBFOAAXXozRubr7R7PfIuKvQlzcI4M0pALeqXN09vdaMbUdUj+pass+uULAg==

buffer-pipe@0.0.0:
  version "0.0.0"
  resolved "https://registry.npmjs.org/buffer-pipe/-/buffer-pipe-0.0.0.tgz"
  integrity sha512-PvKbsvQOH4dcUyUEvQQSs3CIkkuPcOHt3gKnXwf4HsPKFDxSN7bkmICVIWgOmW/jx/fAEGGn4mIayIJPLs7G8g==
  dependencies:
    safe-buffer "^5.1.1"

buffer-pipe@0.0.3:
  version "0.0.3"
  resolved "https://registry.npmjs.org/buffer-pipe/-/buffer-pipe-0.0.3.tgz"
  integrity sha512-GlxfuD/NrKvCNs0Ut+7b1IHjylfdegMBxQIlZHj7bObKVQBxB5S84gtm2yu1mQ8/sSggceWBDPY0cPXgvX2MuA==
  dependencies:
    safe-buffer "^5.1.2"

leb128@^0.0.4, leb128@0.0.4:
  version "0.0.4"
  resolved "https://registry.npmjs.org/leb128/-/leb128-0.0.4.tgz"
  integrity sha512-2zejk0fCIgY8RVcc/KzvyfpDio5Oo8HgPZmkrOmdwmbk0KpKpgD+JKwikxKk8cZYkANIhwHK50SNukkCm3XkCQ==
  dependencies:
    bn.js "^4.11.6"
    buffer-pipe "0.0.0"

"process@file:/Users/dylanfiedler/Documents/ario/ao/aos/process":
  version "1.0.0"
  resolved "file:process"
  dependencies:
    "@permaweb/ao-loader" "^0.0.44"

safe-buffer@^5.1.1, safe-buffer@^5.1.2:
  version "5.2.1"
  resolved "https://registry.npmjs.org/safe-buffer/-/safe-buffer-5.2.1.tgz"
  integrity sha512-rp3So07KcdmmKbGvgaNxQSJr7bGVSVk5S9Eq1F+ppbRo70+YeaDxkw5Dd8NPN+GD6bjnYm2VuPuCXmpuYvmCXQ==
