# THIS IS AN AUTOGENERATED FILE. DO NOT EDIT THIS FILE DIRECTLY.
# yarn lockfile v1


"@permaweb/ao-loader@^0.0.4":
  version "0.0.4"
  resolved "https://registry.yarnpkg.com/@permaweb/ao-loader/-/ao-loader-0.0.4.tgz#10944556108567ee2b2148304b230bec51f107e0"
  integrity sha512-1ZgN9JSokZHq1uBMrVqpaYGMmavgk3alw1GBz1QOqKL0eIUyy4rz1Rp1DZMYV/8a6yfFWs1rVoBDzljPJoIQ7A==
